// !$*UTF8*$!
{
	archiveVersion = 1;
	classes = {
	};
	objectVersion = 56;
	objects = {

/* Begin PBXBuildFile section */
		24A03EE52AB0FBA2000E520D /* AppDelegate.swift in Sources */ = {isa = PBXBuildFile; fileRef = 24A03EE42AB0FBA2000E520D /* AppDelegate.swift */; };
		24A03EE72AB0FBA2000E520D /* SceneDelegate.swift in Sources */ = {isa = PBXBuildFile; fileRef = 24A03EE62AB0FBA2000E520D /* SceneDelegate.swift */; };
		24A03EE92AB0FBA2000E520D /* MainTabBarViewController.swift in Sources */ = {isa = PBXBuildFile; fileRef = 24A03EE82AB0FBA2000E520D /* MainTabBarViewController.swift */; };
		24A03EEE2AB0FBA4000E520D /* Assets.xcassets in Resources */ = {isa = PBXBuildFile; fileRef = 24A03EED2AB0FBA4000E520D /* Assets.xcassets */; };
		24A03EF12AB0FBA4000E520D /* LaunchScreen.storyboard in Resources */ = {isa = PBXBuildFile; fileRef = 24A03EEF2AB0FBA4000E520D /* LaunchScreen.storyboard */; };
		24A03EFA2AB0FEA0000E520D /* HomeViewController.swift in Sources */ = {isa = PBXBuildFile; fileRef = 24A03EF92AB0FEA0000E520D /* HomeViewController.swift */; };
		24A03EFC2AB10086000E520D /* SearchViewController.swift in Sources */ = {isa = PBXBuildFile; fileRef = 24A03EFB2AB10086000E520D /* SearchViewController.swift */; };
		24A03EFE2AB100EA000E520D /* UpcomingViewController.swift in Sources */ = {isa = PBXBuildFile; fileRef = 24A03EFD2AB100EA000E520D /* UpcomingViewController.swift */; };
		24A03F002AB10115000E520D /* DownloadsViewController.swift in Sources */ = {isa = PBXBuildFile; fileRef = 24A03EFF2AB10115000E520D /* DownloadsViewController.swift */; };
		24A03F072AB20E68000E520D /* CollectionViewTableViewCell.swift in Sources */ = {isa = PBXBuildFile; fileRef = 24A03F062AB20E68000E520D /* CollectionViewTableViewCell.swift */; };
		24A03F092AB21D83000E520D /* HeroHeaderUIView.swift in Sources */ = {isa = PBXBuildFile; fileRef = 24A03F082AB21D82000E520D /* HeroHeaderUIView.swift */; };
		24A03F0B2AB26912000E520D /* APICaller.swift in Sources */ = {isa = PBXBuildFile; fileRef = 24A03F0A2AB26912000E520D /* APICaller.swift */; };
		24A03F0D2AB27580000E520D /* Media.swift in Sources */ = {isa = PBXBuildFile; fileRef = 24A03F0C2AB27580000E520D /* Media.swift */; };
		24D3B9042AB368D6005DD0E7 /* Extensions.swift in Sources */ = {isa = PBXBuildFile; fileRef = 24D3B9032AB368D6005DD0E7 /* Extensions.swift */; };
		24D3B9082AB37854005DD0E7 /* MediaCollectionViewCell.swift in Sources */ = {isa = PBXBuildFile; fileRef = 24D3B9072AB37854005DD0E7 /* MediaCollectionViewCell.swift */; };
		24D3B90B2AB37BEB005DD0E7 /* SDWebImage in Frameworks */ = {isa = PBXBuildFile; productRef = 24D3B90A2AB37BEB005DD0E7 /* SDWebImage */; };
		24D3B90D2AB37BEB005DD0E7 /* SDWebImageMapKit in Frameworks */ = {isa = PBXBuildFile; productRef = 24D3B90C2AB37BEB005DD0E7 /* SDWebImageMapKit */; };
		24D3B90F2AB39F0D005DD0E7 /* MediaTableViewCell.swift in Sources */ = {isa = PBXBuildFile; fileRef = 24D3B90E2AB39F0D005DD0E7 /* MediaTableViewCell.swift */; };
		24D3B9112AB3AED8005DD0E7 /* MediaViewModel.swift in Sources */ = {isa = PBXBuildFile; fileRef = 24D3B9102AB3AED8005DD0E7 /* MediaViewModel.swift */; };
/* End PBXBuildFile section */

/* Begin PBXFileReference section */
		24A03EE12AB0FBA2000E520D /* Movie Gallery.app */ = {isa = PBXFileReference; explicitFileType = wrapper.application; includeInIndex = 0; path = "Movie Gallery.app"; sourceTree = BUILT_PRODUCTS_DIR; };
		24A03EE42AB0FBA2000E520D /* AppDelegate.swift */ = {isa = PBXFileReference; lastKnownFileType = sourcecode.swift; path = AppDelegate.swift; sourceTree = "<group>"; };
		24A03EE62AB0FBA2000E520D /* SceneDelegate.swift */ = {isa = PBXFileReference; lastKnownFileType = sourcecode.swift; path = SceneDelegate.swift; sourceTree = "<group>"; };
		24A03EE82AB0FBA2000E520D /* MainTabBarViewController.swift */ = {isa = PBXFileReference; lastKnownFileType = sourcecode.swift; path = MainTabBarViewController.swift; sourceTree = "<group>"; };
		24A03EED2AB0FBA4000E520D /* Assets.xcassets */ = {isa = PBXFileReference; lastKnownFileType = folder.assetcatalog; path = Assets.xcassets; sourceTree = "<group>"; };
		24A03EF02AB0FBA4000E520D /* Base */ = {isa = PBXFileReference; lastKnownFileType = file.storyboard; name = Base; path = Base.lproj/LaunchScreen.storyboard; sourceTree = "<group>"; };
		24A03EF22AB0FBA4000E520D /* Info.plist */ = {isa = PBXFileReference; lastKnownFileType = text.plist.xml; path = Info.plist; sourceTree = "<group>"; };
		24A03EF92AB0FEA0000E520D /* HomeViewController.swift */ = {isa = PBXFileReference; lastKnownFileType = sourcecode.swift; path = HomeViewController.swift; sourceTree = "<group>"; };
		24A03EFB2AB10086000E520D /* SearchViewController.swift */ = {isa = PBXFileReference; lastKnownFileType = sourcecode.swift; path = SearchViewController.swift; sourceTree = "<group>"; };
		24A03EFD2AB100EA000E520D /* UpcomingViewController.swift */ = {isa = PBXFileReference; lastKnownFileType = sourcecode.swift; path = UpcomingViewController.swift; sourceTree = "<group>"; };
		24A03EFF2AB10115000E520D /* DownloadsViewController.swift */ = {isa = PBXFileReference; lastKnownFileType = sourcecode.swift; path = DownloadsViewController.swift; sourceTree = "<group>"; };
		24A03F062AB20E68000E520D /* CollectionViewTableViewCell.swift */ = {isa = PBXFileReference; lastKnownFileType = sourcecode.swift; path = CollectionViewTableViewCell.swift; sourceTree = "<group>"; };
		24A03F082AB21D82000E520D /* HeroHeaderUIView.swift */ = {isa = PBXFileReference; lastKnownFileType = sourcecode.swift; path = HeroHeaderUIView.swift; sourceTree = "<group>"; };
		24A03F0A2AB26912000E520D /* APICaller.swift */ = {isa = PBXFileReference; lastKnownFileType = sourcecode.swift; path = APICaller.swift; sourceTree = "<group>"; };
		24A03F0C2AB27580000E520D /* Media.swift */ = {isa = PBXFileReference; lastKnownFileType = sourcecode.swift; path = Media.swift; sourceTree = "<group>"; };
		24D3B9032AB368D6005DD0E7 /* Extensions.swift */ = {isa = PBXFileReference; lastKnownFileType = sourcecode.swift; path = Extensions.swift; sourceTree = "<group>"; };
		24D3B9072AB37854005DD0E7 /* MediaCollectionViewCell.swift */ = {isa = PBXFileReference; lastKnownFileType = sourcecode.swift; path = MediaCollectionViewCell.swift; sourceTree = "<group>"; };
		24D3B90E2AB39F0D005DD0E7 /* MediaTableViewCell.swift */ = {isa = PBXFileReference; lastKnownFileType = sourcecode.swift; path = MediaTableViewCell.swift; sourceTree = "<group>"; };
		24D3B9102AB3AED8005DD0E7 /* MediaViewModel.swift */ = {isa = PBXFileReference; lastKnownFileType = sourcecode.swift; path = MediaViewModel.swift; sourceTree = "<group>"; };
/* End PBXFileReference section */

/* Begin PBXFrameworksBuildPhase section */
		24A03EDE2AB0FBA2000E520D /* Frameworks */ = {
			isa = PBXFrameworksBuildPhase;
			buildActionMask = 2147483647;
			files = (
				24D3B90D2AB37BEB005DD0E7 /* SDWebImageMapKit in Frameworks */,
				24D3B90B2AB37BEB005DD0E7 /* SDWebImage in Frameworks */,
			);
			runOnlyForDeploymentPostprocessing = 0;
		};
/* End PBXFrameworksBuildPhase section */

/* Begin PBXGroup section */
		24A03ED82AB0FBA2000E520D = {
			isa = PBXGroup;
			children = (
				24A03EE32AB0FBA2000E520D /* Movie Gallery */,
				24A03EE22AB0FBA2000E520D /* Products */,
			);
			sourceTree = "<group>";
		};
		24A03EE22AB0FBA2000E520D /* Products */ = {
			isa = PBXGroup;
			children = (
				24A03EE12AB0FBA2000E520D /* Movie Gallery.app */,
			);
			name = Products;
			sourceTree = "<group>";
		};
		24A03EE32AB0FBA2000E520D /* Movie Gallery */ = {
			isa = PBXGroup;
			children = (
				24A03F052AB20E03000E520D /* Managers */,
				24A03F042AB20DF8000E520D /* Resources */,
				24A03F032AB20DBD000E520D /* Models */,
				24A03F012AB20D8D000E520D /* Views */,
				24A03F022AB20DAA000E520D /* ViewModels */,
				24A03EF82AB0FE4E000E520D /* Controllers */,
				24A03EE42AB0FBA2000E520D /* AppDelegate.swift */,
				24A03EE62AB0FBA2000E520D /* SceneDelegate.swift */,
				24A03EE82AB0FBA2000E520D /* MainTabBarViewController.swift */,
				24A03EED2AB0FBA4000E520D /* Assets.xcassets */,
				24A03EEF2AB0FBA4000E520D /* LaunchScreen.storyboard */,
				24A03EF22AB0FBA4000E520D /* Info.plist */,
			);
			path = "Movie Gallery";
			sourceTree = "<group>";
		};
		24A03EF82AB0FE4E000E520D /* Controllers */ = {
			isa = PBXGroup;
			children = (
				24A03EF92AB0FEA0000E520D /* HomeViewController.swift */,
				24A03EFB2AB10086000E520D /* SearchViewController.swift */,
				24A03EFD2AB100EA000E520D /* UpcomingViewController.swift */,
				24A03EFF2AB10115000E520D /* DownloadsViewController.swift */,
			);
			path = Controllers;
			sourceTree = "<group>";
		};
		24A03F012AB20D8D000E520D /* Views */ = {
			isa = PBXGroup;
			children = (
				24A03F062AB20E68000E520D /* CollectionViewTableViewCell.swift */,
				24A03F082AB21D82000E520D /* HeroHeaderUIView.swift */,
				24D3B9072AB37854005DD0E7 /* MediaCollectionViewCell.swift */,
				24D3B90E2AB39F0D005DD0E7 /* MediaTableViewCell.swift */,
			);
			path = Views;
			sourceTree = "<group>";
		};
		24A03F022AB20DAA000E520D /* ViewModels */ = {
			isa = PBXGroup;
			children = (
				24D3B9102AB3AED8005DD0E7 /* MediaViewModel.swift */,
			);
			path = ViewModels;
			sourceTree = "<group>";
		};
		24A03F032AB20DBD000E520D /* Models */ = {
			isa = PBXGroup;
			children = (
				24A03F0C2AB27580000E520D /* Media.swift */,
			);
			path = Models;
			sourceTree = "<group>";
		};
		24A03F042AB20DF8000E520D /* Resources */ = {
			isa = PBXGroup;
			children = (
				24D3B9032AB368D6005DD0E7 /* Extensions.swift */,
			);
			path = Resources;
			sourceTree = "<group>";
		};
		24A03F052AB20E03000E520D /* Managers */ = {
			isa = PBXGroup;
			children = (
				24A03F0A2AB26912000E520D /* APICaller.swift */,
			);
			path = Managers;
			sourceTree = "<group>";
		};
/* End PBXGroup section */

/* Begin PBXNativeTarget section */
		24A03EE02AB0FBA2000E520D /* Movie Gallery */ = {
			isa = PBXNativeTarget;
			buildConfigurationList = 24A03EF52AB0FBA4000E520D /* Build configuration list for PBXNativeTarget "Movie Gallery" */;
			buildPhases = (
				24A03EDD2AB0FBA2000E520D /* Sources */,
				24A03EDE2AB0FBA2000E520D /* Frameworks */,
				24A03EDF2AB0FBA2000E520D /* Resources */,
			);
			buildRules = (
			);
			dependencies = (
			);
			name = "Movie Gallery";
			packageProductDependencies = (
				24D3B90A2AB37BEB005DD0E7 /* SDWebImage */,
				24D3B90C2AB37BEB005DD0E7 /* SDWebImageMapKit */,
			);
			productName = "Movie Gallery";
			productReference = 24A03EE12AB0FBA2000E520D /* Movie Gallery.app */;
			productType = "com.apple.product-type.application";
		};
/* End PBXNativeTarget section */

/* Begin PBXProject section */
		24A03ED92AB0FBA2000E520D /* Project object */ = {
			isa = PBXProject;
			attributes = {
				BuildIndependentTargetsInParallel = 1;
				LastSwiftUpdateCheck = 1430;
				LastUpgradeCheck = 1430;
				TargetAttributes = {
					24A03EE02AB0FBA2000E520D = {
						CreatedOnToolsVersion = 14.3.1;
					};
				};
			};
			buildConfigurationList = 24A03EDC2AB0FBA2000E520D /* Build configuration list for PBXProject "Movie Gallery" */;
			compatibilityVersion = "Xcode 14.0";
			developmentRegion = en;
			hasScannedForEncodings = 0;
			knownRegions = (
				en,
				Base,
			);
			mainGroup = 24A03ED82AB0FBA2000E520D;
			packageReferences = (
				24D3B9092AB37BEB005DD0E7 /* XCRemoteSwiftPackageReference "SDWebImage" */,
			);
			productRefGroup = 24A03EE22AB0FBA2000E520D /* Products */;
			projectDirPath = "";
			projectRoot = "";
			targets = (
				24A03EE02AB0FBA2000E520D /* Movie Gallery */,
			);
		};
/* End PBXProject section */

/* Begin PBXResourcesBuildPhase section */
		24A03EDF2AB0FBA2000E520D /* Resources */ = {
			isa = PBXResourcesBuildPhase;
			buildActionMask = 2147483647;
			files = (
				24A03EF12AB0FBA4000E520D /* LaunchScreen.storyboard in Resources */,
				24A03EEE2AB0FBA4000E520D /* Assets.xcassets in Resources */,
			);
			runOnlyForDeploymentPostprocessing = 0;
		};
/* End PBXResourcesBuildPhase section */

/* Begin PBXSourcesBuildPhase section */
		24A03EDD2AB0FBA2000E520D /* Sources */ = {
			isa = PBXSourcesBuildPhase;
			buildActionMask = 2147483647;
			files = (
				24A03EFE2AB100EA000E520D /* UpcomingViewController.swift in Sources */,
				24A03EFC2AB10086000E520D /* SearchViewController.swift in Sources */,
				24A03F072AB20E68000E520D /* CollectionViewTableViewCell.swift in Sources */,
				24A03F0B2AB26912000E520D /* APICaller.swift in Sources */,
				24A03F092AB21D83000E520D /* HeroHeaderUIView.swift in Sources */,
				24A03F002AB10115000E520D /* DownloadsViewController.swift in Sources */,
				24A03EE92AB0FBA2000E520D /* MainTabBarViewController.swift in Sources */,
				24D3B9042AB368D6005DD0E7 /* Extensions.swift in Sources */,
				24D3B9082AB37854005DD0E7 /* MediaCollectionViewCell.swift in Sources */,
				24A03EE52AB0FBA2000E520D /* AppDelegate.swift in Sources */,
				24D3B9112AB3AED8005DD0E7 /* MediaViewModel.swift in Sources */,
				24A03EE72AB0FBA2000E520D /* SceneDelegate.swift in Sources */,
				24A03F0D2AB27580000E520D /* Media.swift in Sources */,
				24D3B90F2AB39F0D005DD0E7 /* MediaTableViewCell.swift in Sources */,
				24A03EFA2AB0FEA0000E520D /* HomeViewController.swift in Sources */,
			);
			runOnlyForDeploymentPostprocessing = 0;
		};
/* End PBXSourcesBuildPhase section */

/* Begin PBXVariantGroup section */
		24A03EEF2AB0FBA4000E520D /* LaunchScreen.storyboard */ = {
			isa = PBXVariantGroup;
			children = (
				24A03EF02AB0FBA4000E520D /* Base */,
			);
			name = LaunchScreen.storyboard;
			sourceTree = "<group>";
		};
/* End PBXVariantGroup section */

/* Begin XCBuildConfiguration section */
		24A03EF32AB0FBA4000E520D /* Debug */ = {
			isa = XCBuildConfiguration;
			buildSettings = {
				ALWAYS_SEARCH_USER_PATHS = NO;
				CLANG_ANALYZER_NONNULL = YES;
				CLANG_ANALYZER_NUMBER_OBJECT_CONVERSION = YES_AGGRESSIVE;
				CLANG_CXX_LANGUAGE_STANDARD = "gnu++20";
				CLANG_ENABLE_MODULES = YES;
				CLANG_ENABLE_OBJC_ARC = YES;
				CLANG_ENABLE_OBJC_WEAK = YES;
				CLANG_WARN_BLOCK_CAPTURE_AUTORELEASING = YES;
				CLANG_WARN_BOOL_CONVERSION = YES;
				CLANG_WARN_COMMA = YES;
				CLANG_WARN_CONSTANT_CONVERSION = YES;
				CLANG_WARN_DEPRECATED_OBJC_IMPLEMENTATIONS = YES;
				CLANG_WARN_DIRECT_OBJC_ISA_USAGE = YES_ERROR;
				CLANG_WARN_DOCUMENTATION_COMMENTS = YES;
				CLANG_WARN_EMPTY_BODY = YES;
				CLANG_WARN_ENUM_CONVERSION = YES;
				CLANG_WARN_INFINITE_RECURSION = YES;
				CLANG_WARN_INT_CONVERSION = YES;
				CLANG_WARN_NON_LITERAL_NULL_CONVERSION = YES;
				CLANG_WARN_OBJC_IMPLICIT_RETAIN_SELF = YES;
				CLANG_WARN_OBJC_LITERAL_CONVERSION = YES;
				CLANG_WARN_OBJC_ROOT_CLASS = YES_ERROR;
				CLANG_WARN_QUOTED_INCLUDE_IN_FRAMEWORK_HEADER = YES;
				CLANG_WARN_RANGE_LOOP_ANALYSIS = YES;
				CLANG_WARN_STRICT_PROTOTYPES = YES;
				CLANG_WARN_SUSPICIOUS_MOVE = YES;
				CLANG_WARN_UNGUARDED_AVAILABILITY = YES_AGGRESSIVE;
				CLANG_WARN_UNREACHABLE_CODE = YES;
				CLANG_WARN__DUPLICATE_METHOD_MATCH = YES;
				COPY_PHASE_STRIP = NO;
				DEBUG_INFORMATION_FORMAT = dwarf;
				ENABLE_STRICT_OBJC_MSGSEND = YES;
				ENABLE_TESTABILITY = YES;
				GCC_C_LANGUAGE_STANDARD = gnu11;
				GCC_DYNAMIC_NO_PIC = NO;
				GCC_NO_COMMON_BLOCKS = YES;
				GCC_OPTIMIZATION_LEVEL = 0;
				GCC_PREPROCESSOR_DEFINITIONS = (
					"DEBUG=1",
					"$(inherited)",
				);
				GCC_WARN_64_TO_32_BIT_CONVERSION = YES;
				GCC_WARN_ABOUT_RETURN_TYPE = YES_ERROR;
				GCC_WARN_UNDECLARED_SELECTOR = YES;
				GCC_WARN_UNINITIALIZED_AUTOS = YES_AGGRESSIVE;
				GCC_WARN_UNUSED_FUNCTION = YES;
				GCC_WARN_UNUSED_VARIABLE = YES;
				IPHONEOS_DEPLOYMENT_TARGET = 16.4;
				MTL_ENABLE_DEBUG_INFO = INCLUDE_SOURCE;
				MTL_FAST_MATH = YES;
				ONLY_ACTIVE_ARCH = YES;
				SDKROOT = iphoneos;
				SWIFT_ACTIVE_COMPILATION_CONDITIONS = DEBUG;
				SWIFT_OPTIMIZATION_LEVEL = "-Onone";
			};
			name = Debug;
		};
		24A03EF42AB0FBA4000E520D /* Release */ = {
			isa = XCBuildConfiguration;
			buildSettings = {
				ALWAYS_SEARCH_USER_PATHS = NO;
				CLANG_ANALYZER_NONNULL = YES;
				CLANG_ANALYZER_NUMBER_OBJECT_CONVERSION = YES_AGGRESSIVE;
				CLANG_CXX_LANGUAGE_STANDARD = "gnu++20";
				CLANG_ENABLE_MODULES = YES;
				CLANG_ENABLE_OBJC_ARC = YES;
				CLANG_ENABLE_OBJC_WEAK = YES;
				CLANG_WARN_BLOCK_CAPTURE_AUTORELEASING = YES;
				CLANG_WARN_BOOL_CONVERSION = YES;
				CLANG_WARN_COMMA = YES;
				CLANG_WARN_CONSTANT_CONVERSION = YES;
				CLANG_WARN_DEPRECATED_OBJC_IMPLEMENTATIONS = YES;
				CLANG_WARN_DIRECT_OBJC_ISA_USAGE = YES_ERROR;
				CLANG_WARN_DOCUMENTATION_COMMENTS = YES;
				CLANG_WARN_EMPTY_BODY = YES;
				CLANG_WARN_ENUM_CONVERSION = YES;
				CLANG_WARN_INFINITE_RECURSION = YES;
				CLANG_WARN_INT_CONVERSION = YES;
				CLANG_WARN_NON_LITERAL_NULL_CONVERSION = YES;
				CLANG_WARN_OBJC_IMPLICIT_RETAIN_SELF = YES;
				CLANG_WARN_OBJC_LITERAL_CONVERSION = YES;
				CLANG_WARN_OBJC_ROOT_CLASS = YES_ERROR;
				CLANG_WARN_QUOTED_INCLUDE_IN_FRAMEWORK_HEADER = YES;
				CLANG_WARN_RANGE_LOOP_ANALYSIS = YES;
				CLANG_WARN_STRICT_PROTOTYPES = YES;
				CLANG_WARN_SUSPICIOUS_MOVE = YES;
				CLANG_WARN_UNGUARDED_AVAILABILITY = YES_AGGRESSIVE;
				CLANG_WARN_UNREACHABLE_CODE = YES;
				CLANG_WARN__DUPLICATE_METHOD_MATCH = YES;
				COPY_PHASE_STRIP = NO;
				DEBUG_INFORMATION_FORMAT = "dwarf-with-dsym";
				ENABLE_NS_ASSERTIONS = NO;
				ENABLE_STRICT_OBJC_MSGSEND = YES;
				GCC_C_LANGUAGE_STANDARD = gnu11;
				GCC_NO_COMMON_BLOCKS = YES;
				GCC_WARN_64_TO_32_BIT_CONVERSION = YES;
				GCC_WARN_ABOUT_RETURN_TYPE = YES_ERROR;
				GCC_WARN_UNDECLARED_SELECTOR = YES;
				GCC_WARN_UNINITIALIZED_AUTOS = YES_AGGRESSIVE;
				GCC_WARN_UNUSED_FUNCTION = YES;
				GCC_WARN_UNUSED_VARIABLE = YES;
				IPHONEOS_DEPLOYMENT_TARGET = 16.4;
				MTL_ENABLE_DEBUG_INFO = NO;
				MTL_FAST_MATH = YES;
				SDKROOT = iphoneos;
				SWIFT_COMPILATION_MODE = wholemodule;
				SWIFT_OPTIMIZATION_LEVEL = "-O";
				VALIDATE_PRODUCT = YES;
			};
			name = Release;
		};
		24A03EF62AB0FBA4000E520D /* Debug */ = {
			isa = XCBuildConfiguration;
			buildSettings = {
				ASSETCATALOG_COMPILER_APPICON_NAME = AppIcon;
				ASSETCATALOG_COMPILER_GLOBAL_ACCENT_COLOR_NAME = AccentColor;
				CODE_SIGN_STYLE = Automatic;
				CURRENT_PROJECT_VERSION = 1;
				GENERATE_INFOPLIST_FILE = YES;
				INFOPLIST_FILE = "Movie Gallery/Info.plist";
				INFOPLIST_KEY_UIApplicationSupportsIndirectInputEvents = YES;
				INFOPLIST_KEY_UILaunchStoryboardName = LaunchScreen;
				INFOPLIST_KEY_UISupportedInterfaceOrientations_iPad = "UIInterfaceOrientationPortrait UIInterfaceOrientationPortraitUpsideDown UIInterfaceOrientationLandscapeLeft UIInterfaceOrientationLandscapeRight";
				INFOPLIST_KEY_UISupportedInterfaceOrientations_iPhone = "UIInterfaceOrientationPortrait UIInterfaceOrientationLandscapeLeft UIInterfaceOrientationLandscapeRight";
				LD_RUNPATH_SEARCH_PATHS = (
					"$(inherited)",
					"@executable_path/Frameworks",
				);
				MARKETING_VERSION = 1.0;
				PRODUCT_BUNDLE_IDENTIFIER = "com.martserra.Movie-Gallery";
				PRODUCT_NAME = "$(TARGET_NAME)";
				SWIFT_EMIT_LOC_STRINGS = YES;
				SWIFT_VERSION = 5.0;
				TARGETED_DEVICE_FAMILY = "1,2";
			};
			name = Debug;
		};
		24A03EF72AB0FBA4000E520D /* Release */ = {
			isa = XCBuildConfiguration;
			buildSettings = {
				ASSETCATALOG_COMPILER_APPICON_NAME = AppIcon;
				ASSETCATALOG_COMPILER_GLOBAL_ACCENT_COLOR_NAME = AccentColor;
				CODE_SIGN_STYLE = Automatic;
				CURRENT_PROJECT_VERSION = 1;
				GENERATE_INFOPLIST_FILE = YES;
				INFOPLIST_FILE = "Movie Gallery/Info.plist";
				INFOPLIST_KEY_UIApplicationSupportsIndirectInputEvents = YES;
				INFOPLIST_KEY_UILaunchStoryboardName = LaunchScreen;
				INFOPLIST_KEY_UISupportedInterfaceOrientations_iPad = "UIInterfaceOrientationPortrait UIInterfaceOrientationPortraitUpsideDown UIInterfaceOrientationLandscapeLeft UIInterfaceOrientationLandscapeRight";
				INFOPLIST_KEY_UISupportedInterfaceOrientations_iPhone = "UIInterfaceOrientationPortrait UIInterfaceOrientationLandscapeLeft UIInterfaceOrientationLandscapeRight";
				LD_RUNPATH_SEARCH_PATHS = (
					"$(inherited)",
					"@executable_path/Frameworks",
				);
				MARKETING_VERSION = 1.0;
				PRODUCT_BUNDLE_IDENTIFIER = "com.martserra.Movie-Gallery";
				PRODUCT_NAME = "$(TARGET_NAME)";
				SWIFT_EMIT_LOC_STRINGS = YES;
				SWIFT_VERSION = 5.0;
				TARGETED_DEVICE_FAMILY = "1,2";
			};
			name = Release;
		};
/* End XCBuildConfiguration section */

/* Begin XCConfigurationList section */
		24A03EDC2AB0FBA2000E520D /* Build configuration list for PBXProject "Movie Gallery" */ = {
			isa = XCConfigurationList;
			buildConfigurations = (
				24A03EF32AB0FBA4000E520D /* Debug */,
				24A03EF42AB0FBA4000E520D /* Release */,
			);
			defaultConfigurationIsVisible = 0;
			defaultConfigurationName = Release;
		};
		24A03EF52AB0FBA4000E520D /* Build configuration list for PBXNativeTarget "Movie Gallery" */ = {
			isa = XCConfigurationList;
			buildConfigurations = (
				24A03EF62AB0FBA4000E520D /* Debug */,
				24A03EF72AB0FBA4000E520D /* Release */,
			);
			defaultConfigurationIsVisible = 0;
			defaultConfigurationName = Release;
		};
/* End XCConfigurationList section */

/* Begin XCRemoteSwiftPackageReference section */
		24D3B9092AB37BEB005DD0E7 /* XCRemoteSwiftPackageReference "SDWebImage" */ = {
			isa = XCRemoteSwiftPackageReference;
			repositoryURL = "https://github.com/SDWebImage/SDWebImage.git";
			requirement = {
				branch = master;
				kind = branch;
			};
		};
/* End XCRemoteSwiftPackageReference section */

/* Begin XCSwiftPackageProductDependency section */
		24D3B90A2AB37BEB005DD0E7 /* SDWebImage */ = {
			isa = XCSwiftPackageProductDependency;
			package = 24D3B9092AB37BEB005DD0E7 /* XCRemoteSwiftPackageReference "SDWebImage" */;
			productName = SDWebImage;
		};
		24D3B90C2AB37BEB005DD0E7 /* SDWebImageMapKit */ = {
			isa = XCSwiftPackageProductDependency;
			package = 24D3B9092AB37BEB005DD0E7 /* XCRemoteSwiftPackageReference "SDWebImage" */;
			productName = SDWebImageMapKit;
		};
/* End XCSwiftPackageProductDependency section */
	};
	rootObject = 24A03ED92AB0FBA2000E520D /* Project object */;
}
